
Microsoft Visual Studio Solution File, Format Version 12.00
# Visual Studio Version 17
VisualStudioVersion = 17.4.33110.190
MinimumVisualStudioVersion = 10.0.40219.1
Project("{FAE04EC0-301F-11D3-BF4B-00C04F79EFBC}") = "teht 7", "teht 7\teht 7.csproj", "{7A396961-A03E-4748-8A09-68029CA3B505}"
EndProject
Global
	GlobalSection(SolutionConfigurationPlatforms) = preSolution
		Debug|Any CPU = Debug|Any CPU
		Release|Any CPU = Release|Any CPU
	EndGlobalSection
	GlobalSection(ProjectConfigurationPlatforms) = postSolution
		{7A396961-A03E-4748-8A09-68029CA3B505}.Debug|Any CPU.ActiveCfg = Debug|Any CPU
		{7A396961-A03E-4748-8A09-68029CA3B505}.Debug|Any CPU.Build.0 = Debug|Any CPU
		{7A396961-A03E-4748-8A09-68029CA3B505}.Release|Any CPU.ActiveCfg = Release|Any CPU
		{7A396961-A03E-4748-8A09-68029CA3B505}.Release|Any CPU.Build.0 = Release|Any CPU
	EndGlobalSection
	GlobalSection(SolutionProperties) = preSolution
		HideSolutionNode = FALSE
	EndGlobalSection
	GlobalSection(ExtensibilityGlobals) = postSolution
		SolutionGuid = {4758E658-9A85-4EB5-B28E-9E143651C5A6}
	EndGlobalSection
EndGlobal
