
Microsoft Visual Studio Solution File, Format Version 12.00
# Visual Studio Version 17
VisualStudioVersion = 17.4.33110.190
MinimumVisualStudioVersion = 10.0.40219.1
Project("{FAE04EC0-301F-11D3-BF4B-00C04F79EFBC}") = "numeroiden arvo", "numeroiden arvo\numeroiden arvo.csproj", "{8222D158-8DEE-40C4-B7F1-AF3EEA7F25B3}"
EndProject
Global
	GlobalSection(SolutionConfigurationPlatforms) = preSolution
		Debug|Any CPU = Debug|Any CPU
		Release|Any CPU = Release|Any CPU
	EndGlobalSection
	GlobalSection(ProjectConfigurationPlatforms) = postSolution
		{8222D158-8DEE-40C4-B7F1-AF3EEA7F25B3}.Debug|Any CPU.ActiveCfg = Debug|Any CPU
		{8222D158-8DEE-40C4-B7F1-AF3EEA7F25B3}.Debug|Any CPU.Build.0 = Debug|Any CPU
		{8222D158-8DEE-40C4-B7F1-AF3EEA7F25B3}.Release|Any CPU.ActiveCfg = Release|Any CPU
		{8222D158-8DEE-40C4-B7F1-AF3EEA7F25B3}.Release|Any CPU.Build.0 = Release|Any CPU
	EndGlobalSection
	GlobalSection(SolutionProperties) = preSolution
		HideSolutionNode = FALSE
	EndGlobalSection
	GlobalSection(ExtensibilityGlobals) = postSolution
		SolutionGuid = {04EAB4E9-93AC-4EA7-B903-79B174020C92}
	EndGlobalSection
EndGlobal
