
Microsoft Visual Studio Solution File, Format Version 12.00
# Visual Studio Version 17
VisualStudioVersion = 17.4.33110.190
MinimumVisualStudioVersion = 10.0.40219.1
Project("{FAE04EC0-301F-11D3-BF4B-00C04F79EFBC}") = "teht 9", "teht 9\teht 9.csproj", "{BDBB44C3-78AE-453A-B277-6F5F76B3AE93}"
EndProject
Global
	GlobalSection(SolutionConfigurationPlatforms) = preSolution
		Debug|Any CPU = Debug|Any CPU
		Release|Any CPU = Release|Any CPU
	EndGlobalSection
	GlobalSection(ProjectConfigurationPlatforms) = postSolution
		{BDBB44C3-78AE-453A-B277-6F5F76B3AE93}.Debug|Any CPU.ActiveCfg = Debug|Any CPU
		{BDBB44C3-78AE-453A-B277-6F5F76B3AE93}.Debug|Any CPU.Build.0 = Debug|Any CPU
		{BDBB44C3-78AE-453A-B277-6F5F76B3AE93}.Release|Any CPU.ActiveCfg = Release|Any CPU
		{BDBB44C3-78AE-453A-B277-6F5F76B3AE93}.Release|Any CPU.Build.0 = Release|Any CPU
	EndGlobalSection
	GlobalSection(SolutionProperties) = preSolution
		HideSolutionNode = FALSE
	EndGlobalSection
	GlobalSection(ExtensibilityGlobals) = postSolution
		SolutionGuid = {C789CCA9-A469-4EBD-8021-021464828B45}
	EndGlobalSection
EndGlobal
