
Microsoft Visual Studio Solution File, Format Version 12.00
# Visual Studio Version 17
VisualStudioVersion = 17.4.33110.190
MinimumVisualStudioVersion = 10.0.40219.1
Project("{FAE04EC0-301F-11D3-BF4B-00C04F79EFBC}") = "Harjoitus 5", "Harjoitus 5\Harjoitus 5.csproj", "{FDB0E359-8D75-4C74-971E-E23003BD5AE3}"
EndProject
Global
	GlobalSection(SolutionConfigurationPlatforms) = preSolution
		Debug|Any CPU = Debug|Any CPU
		Release|Any CPU = Release|Any CPU
	EndGlobalSection
	GlobalSection(ProjectConfigurationPlatforms) = postSolution
		{FDB0E359-8D75-4C74-971E-E23003BD5AE3}.Debug|Any CPU.ActiveCfg = Debug|Any CPU
		{FDB0E359-8D75-4C74-971E-E23003BD5AE3}.Debug|Any CPU.Build.0 = Debug|Any CPU
		{FDB0E359-8D75-4C74-971E-E23003BD5AE3}.Release|Any CPU.ActiveCfg = Release|Any CPU
		{FDB0E359-8D75-4C74-971E-E23003BD5AE3}.Release|Any CPU.Build.0 = Release|Any CPU
	EndGlobalSection
	GlobalSection(SolutionProperties) = preSolution
		HideSolutionNode = FALSE
	EndGlobalSection
	GlobalSection(ExtensibilityGlobals) = postSolution
		SolutionGuid = {6C2938FE-466C-4481-864C-DD35072FBA35}
	EndGlobalSection
EndGlobal
