
Microsoft Visual Studio Solution File, Format Version 12.00
# Visual Studio Version 17
VisualStudioVersion = 17.4.33110.190
MinimumVisualStudioVersion = 10.0.40219.1
Project("{FAE04EC0-301F-11D3-BF4B-00C04F79EFBC}") = "Teht 11", "Teht 11\Teht 11.csproj", "{87979344-B783-4946-9438-135FD0EECB4F}"
EndProject
Global
	GlobalSection(SolutionConfigurationPlatforms) = preSolution
		Debug|Any CPU = Debug|Any CPU
		Release|Any CPU = Release|Any CPU
	EndGlobalSection
	GlobalSection(ProjectConfigurationPlatforms) = postSolution
		{87979344-B783-4946-9438-135FD0EECB4F}.Debug|Any CPU.ActiveCfg = Debug|Any CPU
		{87979344-B783-4946-9438-135FD0EECB4F}.Debug|Any CPU.Build.0 = Debug|Any CPU
		{87979344-B783-4946-9438-135FD0EECB4F}.Release|Any CPU.ActiveCfg = Release|Any CPU
		{87979344-B783-4946-9438-135FD0EECB4F}.Release|Any CPU.Build.0 = Release|Any CPU
	EndGlobalSection
	GlobalSection(SolutionProperties) = preSolution
		HideSolutionNode = FALSE
	EndGlobalSection
	GlobalSection(ExtensibilityGlobals) = postSolution
		SolutionGuid = {F7F24703-1000-46E8-9F84-9370662D84B7}
	EndGlobalSection
EndGlobal
