
Microsoft Visual Studio Solution File, Format Version 12.00
# Visual Studio Version 17
VisualStudioVersion = 17.4.33110.190
MinimumVisualStudioVersion = 10.0.40219.1
Project("{FAE04EC0-301F-11D3-BF4B-00C04F79EFBC}") = "teht 19", "teht 19\teht 19.csproj", "{56CEE6ED-5A0B-43CA-8EB0-B2A5F7876F6F}"
EndProject
Global
	GlobalSection(SolutionConfigurationPlatforms) = preSolution
		Debug|Any CPU = Debug|Any CPU
		Release|Any CPU = Release|Any CPU
	EndGlobalSection
	GlobalSection(ProjectConfigurationPlatforms) = postSolution
		{56CEE6ED-5A0B-43CA-8EB0-B2A5F7876F6F}.Debug|Any CPU.ActiveCfg = Debug|Any CPU
		{56CEE6ED-5A0B-43CA-8EB0-B2A5F7876F6F}.Debug|Any CPU.Build.0 = Debug|Any CPU
		{56CEE6ED-5A0B-43CA-8EB0-B2A5F7876F6F}.Release|Any CPU.ActiveCfg = Release|Any CPU
		{56CEE6ED-5A0B-43CA-8EB0-B2A5F7876F6F}.Release|Any CPU.Build.0 = Release|Any CPU
	EndGlobalSection
	GlobalSection(SolutionProperties) = preSolution
		HideSolutionNode = FALSE
	EndGlobalSection
	GlobalSection(ExtensibilityGlobals) = postSolution
		SolutionGuid = {FC5C98F9-D0E1-4D0F-B62B-2211008FEB0B}
	EndGlobalSection
EndGlobal
